
Microsoft Visual Studio Solution File, Format Version 12.00
# Visual Studio Version 17
VisualStudioVersion = 17.10.35013.160
MinimumVisualStudioVersion = 10.0.40219.1
Project("{FAE04EC0-301F-11D3-BF4B-00C04F79EFBC}") = "26-6-2024", "26-6-2024\26-6-2024.csproj", "{BE9612F3-7B64-488E-B8F7-798FB535AFCB}"
EndProject
Global
	GlobalSection(SolutionConfigurationPlatforms) = preSolution
		Debug|Any CPU = Debug|Any CPU
		Release|Any CPU = Release|Any CPU
	EndGlobalSection
	GlobalSection(ProjectConfigurationPlatforms) = postSolution
		{BE9612F3-7B64-488E-B8F7-798FB535AFCB}.Debug|Any CPU.ActiveCfg = Debug|Any CPU
		{BE9612F3-7B64-488E-B8F7-798FB535AFCB}.Debug|Any CPU.Build.0 = Debug|Any CPU
		{BE9612F3-7B64-488E-B8F7-798FB535AFCB}.Release|Any CPU.ActiveCfg = Release|Any CPU
		{BE9612F3-7B64-488E-B8F7-798FB535AFCB}.Release|Any CPU.Build.0 = Release|Any CPU
	EndGlobalSection
	GlobalSection(SolutionProperties) = preSolution
		HideSolutionNode = FALSE
	EndGlobalSection
	GlobalSection(ExtensibilityGlobals) = postSolution
		SolutionGuid = {EDEFB404-9110-419F-83D0-7C2551AD6162}
	EndGlobalSection
EndGlobal
