
Microsoft Visual Studio Solution File, Format Version 12.00
# Visual Studio Version 17
VisualStudioVersion = 17.10.35013.160
MinimumVisualStudioVersion = 10.0.40219.1
Project("{FAE04EC0-301F-11D3-BF4B-00C04F79EFBC}") = "27-6-2024", "27-6-2024\27-6-2024.csproj", "{484124C5-FCBE-417D-800E-0F8DCCB15662}"
EndProject
Global
	GlobalSection(SolutionConfigurationPlatforms) = preSolution
		Debug|Any CPU = Debug|Any CPU
		Release|Any CPU = Release|Any CPU
	EndGlobalSection
	GlobalSection(ProjectConfigurationPlatforms) = postSolution
		{484124C5-FCBE-417D-800E-0F8DCCB15662}.Debug|Any CPU.ActiveCfg = Debug|Any CPU
		{484124C5-FCBE-417D-800E-0F8DCCB15662}.Debug|Any CPU.Build.0 = Debug|Any CPU
		{484124C5-FCBE-417D-800E-0F8DCCB15662}.Release|Any CPU.ActiveCfg = Release|Any CPU
		{484124C5-FCBE-417D-800E-0F8DCCB15662}.Release|Any CPU.Build.0 = Release|Any CPU
	EndGlobalSection
	GlobalSection(SolutionProperties) = preSolution
		HideSolutionNode = FALSE
	EndGlobalSection
	GlobalSection(ExtensibilityGlobals) = postSolution
		SolutionGuid = {E805F03B-C8E5-4195-B7D2-1676CF9F96AD}
	EndGlobalSection
EndGlobal
