
Microsoft Visual Studio Solution File, Format Version 12.00
# Visual Studio Version 17
VisualStudioVersion = 17.10.35013.160
MinimumVisualStudioVersion = 10.0.40219.1
Project("{FAE04EC0-301F-11D3-BF4B-00C04F79EFBC}") = "2-7-2024", "2-7-2024\2-7-2024.csproj", "{37F9B401-B768-4FFF-A6DF-041A5B9550BB}"
EndProject
Global
	GlobalSection(SolutionConfigurationPlatforms) = preSolution
		Debug|Any CPU = Debug|Any CPU
		Release|Any CPU = Release|Any CPU
	EndGlobalSection
	GlobalSection(ProjectConfigurationPlatforms) = postSolution
		{37F9B401-B768-4FFF-A6DF-041A5B9550BB}.Debug|Any CPU.ActiveCfg = Debug|Any CPU
		{37F9B401-B768-4FFF-A6DF-041A5B9550BB}.Debug|Any CPU.Build.0 = Debug|Any CPU
		{37F9B401-B768-4FFF-A6DF-041A5B9550BB}.Release|Any CPU.ActiveCfg = Release|Any CPU
		{37F9B401-B768-4FFF-A6DF-041A5B9550BB}.Release|Any CPU.Build.0 = Release|Any CPU
	EndGlobalSection
	GlobalSection(SolutionProperties) = preSolution
		HideSolutionNode = FALSE
	EndGlobalSection
	GlobalSection(ExtensibilityGlobals) = postSolution
		SolutionGuid = {7FE143C8-0441-44ED-9170-7E12FC1CDC34}
	EndGlobalSection
EndGlobal
